
Microsoft Visual Studio Solution File, Format Version 12.00
# Visual Studio Version 17
VisualStudioVersion = 17.14.36401.2 d17.14
MinimumVisualStudioVersion = 10.0.40219.1
Project("{FAE04EC0-301F-11D3-BF4B-00C04F79EFBC}") = "ProyectoProgra", "ProyectoProgra\ProyectoProgra.csproj", "{F30F9C36-5665-4749-A96E-05E2C5532EEA}"
EndProject
Global
	GlobalSection(SolutionConfigurationPlatforms) = preSolution
		Debug|Any CPU = Debug|Any CPU
		Release|Any CPU = Release|Any CPU
	EndGlobalSection
	GlobalSection(ProjectConfigurationPlatforms) = postSolution
		{F30F9C36-5665-4749-A96E-05E2C5532EEA}.Debug|Any CPU.ActiveCfg = Debug|Any CPU
		{F30F9C36-5665-4749-A96E-05E2C5532EEA}.Debug|Any CPU.Build.0 = Debug|Any CPU
		{F30F9C36-5665-4749-A96E-05E2C5532EEA}.Release|Any CPU.ActiveCfg = Release|Any CPU
		{F30F9C36-5665-4749-A96E-05E2C5532EEA}.Release|Any CPU.Build.0 = Release|Any CPU
	EndGlobalSection
	GlobalSection(SolutionProperties) = preSolution
		HideSolutionNode = FALSE
	EndGlobalSection
	GlobalSection(ExtensibilityGlobals) = postSolution
		SolutionGuid = {E50CCD06-06E3-4790-9BDE-791ADA89D519}
	EndGlobalSection
EndGlobal
